
Microsoft Visual Studio Solution File, Format Version 12.00
# Visual Studio Version 16
VisualStudioVersion = 16.0.30717.126
MinimumVisualStudioVersion = 10.0.40219.1
Project("{FAE04EC0-301F-11D3-BF4B-00C04F79EFBC}") = "NecDebug.Windows", "NecDebug.Windows\NecDebug.Windows.csproj", "{BB51812D-08B3-4793-98D3-D8471A5B68BD}"
EndProject
Global
	GlobalSection(SolutionConfigurationPlatforms) = preSolution
		Debug|Any CPU = Debug|Any CPU
		Release|Any CPU = Release|Any CPU
	EndGlobalSection
	GlobalSection(ProjectConfigurationPlatforms) = postSolution
		{BB51812D-08B3-4793-98D3-D8471A5B68BD}.Debug|Any CPU.ActiveCfg = Debug|Any CPU
		{BB51812D-08B3-4793-98D3-D8471A5B68BD}.Debug|Any CPU.Build.0 = Debug|Any CPU
		{BB51812D-08B3-4793-98D3-D8471A5B68BD}.Release|Any CPU.ActiveCfg = Release|Any CPU
		{BB51812D-08B3-4793-98D3-D8471A5B68BD}.Release|Any CPU.Build.0 = Release|Any CPU
	EndGlobalSection
	GlobalSection(SolutionProperties) = preSolution
		HideSolutionNode = FALSE
	EndGlobalSection
	GlobalSection(ExtensibilityGlobals) = postSolution
		SolutionGuid = {2CF13706-8706-45C0-B17D-E8B747BAE9D6}
	EndGlobalSection
EndGlobal
